{
    "_readme": [
        "This file locks the dependencies of your project to a known state",
        "Read more about it at http://getcomposer.org/doc/01-basic-usage.md#composer-lock-the-lock-file",
        "This file is @generated automatically"
    ],
    "hash": "bc7b27e974865a0d8d9ae3b6cd95e129",
    "packages": [
        {
            "name": "behat/behat",
            "version": "v2.5.4",
            "source": {
                "type": "git",
                "url": "https://github.com/Behat/Behat.git",
                "reference": "ba257dd19d47b6e196c4e43995a2d2db4dd95991"
            },
            "dist": {
                "type": "zip",
                "url": "https://api.github.com/repos/Behat/Behat/zipball/ba257dd19d47b6e196c4e43995a2d2db4dd95991",
                "reference": "ba257dd19d47b6e196c4e43995a2d2db4dd95991",
                "shasum": ""
            },
            "require": {
                "behat/gherkin": "~2.3.0",
                "php": ">=5.3.1",
                "symfony/config": "~2.0",
                "symfony/console": "~2.0",
                "symfony/dependency-injection": "~2.0",
                "symfony/event-dispatcher": "~2.0",
                "symfony/finder": "~2.0",
                "symfony/translation": "~2.0",
                "symfony/yaml": "~2.0"
            },
            "require-dev": {
                "phpunit/phpunit": "~3.7.19"
            },
            "suggest": {
                "behat/mink-extension": "for integration with Mink testing framework",
                "behat/symfony2-extension": "for integration with Symfony2 web framework",
                "behat/yii-extension": "for integration with Yii web framework"
            },
            "bin": [
                "bin/behat"
            ],
            "type": "library",
            "autoload": {
                "psr-0": {
                    "Behat\\Behat": "src/"
                }
            },
            "notification-url": "https://packagist.org/downloads/",
            "license": [
                "MIT"
            ],
            "authors": [
                {
                    "name": "Konstantin Kudryashov",
                    "email": "ever.zet@gmail.com",
                    "homepage": "http://everzet.com"
                }
            ],
            "description": "Scenario-oriented BDD framework for PHP 5.3",
            "homepage": "http://behat.org/",
            "keywords": [
                "BDD",
                "Behat",
                "Symfony2"
            ],
            "time": "2015-01-23 22:18:15"
        },
        {
            "name": "behat/gherkin",
            "version": "v2.3.5",
            "source": {
                "type": "git",
                "url": "https://github.com/Behat/Gherkin.git",
                "reference": "2b33963da5525400573560c173ab5c9c057e1852"
            },
            "dist": {
                "type": "zip",
                "url": "https://api.github.com/repos/Behat/Gherkin/zipball/2b33963da5525400573560c173ab5c9c057e1852",
                "reference": "2b33963da5525400573560c173ab5c9c057e1852",
                "shasum": ""
            },
            "require": {
                "php": ">=5.3.1",
                "symfony/finder": "~2.0"
            },
            "require-dev": {
                "symfony/config": "~2.0",
                "symfony/translation": "~2.0",
                "symfony/yaml": "~2.0"
            },
            "suggest": {
                "symfony/config": "If you want to use Config component to manage resources",
                "symfony/translation": "If you want to use Symfony2 translations adapter",
                "symfony/yaml": "If you want to parse features, represented in YAML files"
            },
            "type": "library",
            "extra": {
                "branch-alias": {
                    "dev-develop": "2.2-dev"
                }
            },
            "autoload": {
                "psr-0": {
                    "Behat\\Gherkin": "src/"
                }
            },
            "notification-url": "https://packagist.org/downloads/",
            "license": [
                "MIT"
            ],
            "authors": [
                {
                    "name": "Konstantin Kudryashov",
                    "email": "ever.zet@gmail.com",
                    "homepage": "http://everzet.com"
                }
            ],
            "description": "Gherkin DSL parser for PHP 5.3",
            "homepage": "http://behat.org/",
            "keywords": [
                "BDD",
                "Behat",
                "DSL",
                "Symfony2",
                "parser"
            ],
            "time": "2013-10-15 11:22:17"
        },
        {
            "name": "fzaninotto/faker",
            "version": "v1.4.0",
            "source": {
                "type": "git",
                "url": "https://github.com/fzaninotto/Faker.git",
                "reference": "010c7efedd88bf31141a02719f51fb44c732d5a0"
            },
            "dist": {
                "type": "zip",
                "url": "https://api.github.com/repos/fzaninotto/Faker/zipball/010c7efedd88bf31141a02719f51fb44c732d5a0",
                "reference": "010c7efedd88bf31141a02719f51fb44c732d5a0",
                "shasum": ""
            },
            "require": {
                "php": ">=5.3.3"
            },
            "require-dev": {
                "phpunit/phpunit": "~4.0",
                "squizlabs/php_codesniffer": "~1.5"
            },
            "type": "library",
            "extra": {
                "branch-alias": []
            },
            "autoload": {
                "psr-0": {
                    "Faker": "src/",
                    "Faker\\PHPUnit": "test/"
                }
            },
            "notification-url": "https://packagist.org/downloads/",
            "license": [
                "MIT"
            ],
            "authors": [
                {
                    "name": "François Zaninotto"
                }
            ],
            "description": "Faker is a PHP library that generates fake data for you.",
            "keywords": [
                "data",
                "faker",
                "fixtures"
            ],
            "time": "2014-06-04 14:43:02"
        },
        {
            "name": "symfony/config",
            "version": "v2.6.4",
            "target-dir": "Symfony/Component/Config",
            "source": {
                "type": "git",
                "url": "https://github.com/symfony/Config.git",
                "reference": "a9f781ba1221067d1f07c8cec0bc50f81b8d7408"
            },
            "dist": {
                "type": "zip",
                "url": "https://api.github.com/repos/symfony/Config/zipball/a9f781ba1221067d1f07c8cec0bc50f81b8d7408",
                "reference": "a9f781ba1221067d1f07c8cec0bc50f81b8d7408",
                "shasum": ""
            },
            "require": {
                "php": ">=5.3.3",
                "symfony/filesystem": "~2.3"
            },
            "type": "library",
            "extra": {
                "branch-alias": {
                    "dev-master": "2.6-dev"
                }
            },
            "autoload": {
                "psr-0": {
                    "Symfony\\Component\\Config\\": ""
                }
            },
            "notification-url": "https://packagist.org/downloads/",
            "license": [
                "MIT"
            ],
            "authors": [
                {
                    "name": "Symfony Community",
                    "homepage": "http://symfony.com/contributors"
                },
                {
                    "name": "Fabien Potencier",
                    "email": "fabien@symfony.com"
                }
            ],
            "description": "Symfony Config Component",
            "homepage": "http://symfony.com",
            "time": "2015-01-21 20:57:55"
        },
        {
            "name": "symfony/console",
            "version": "v2.6.4",
            "target-dir": "Symfony/Component/Console",
            "source": {
                "type": "git",
                "url": "https://github.com/symfony/Console.git",
                "reference": "e44154bfe3e41e8267d7a3794cd9da9a51cfac34"
            },
            "dist": {
                "type": "zip",
                "url": "https://api.github.com/repos/symfony/Console/zipball/e44154bfe3e41e8267d7a3794cd9da9a51cfac34",
                "reference": "e44154bfe3e41e8267d7a3794cd9da9a51cfac34",
                "shasum": ""
            },
            "require": {
                "php": ">=5.3.3"
            },
            "require-dev": {
                "psr/log": "~1.0",
                "symfony/event-dispatcher": "~2.1",
                "symfony/process": "~2.1"
            },
            "suggest": {
                "psr/log": "For using the console logger",
                "symfony/event-dispatcher": "",
                "symfony/process": ""
            },
            "type": "library",
            "extra": {
                "branch-alias": {
                    "dev-master": "2.6-dev"
                }
            },
            "autoload": {
                "psr-0": {
                    "Symfony\\Component\\Console\\": ""
                }
            },
            "notification-url": "https://packagist.org/downloads/",
            "license": [
                "MIT"
            ],
            "authors": [
                {
                    "name": "Symfony Community",
                    "homepage": "http://symfony.com/contributors"
                },
                {
                    "name": "Fabien Potencier",
                    "email": "fabien@symfony.com"
                }
            ],
            "description": "Symfony Console Component",
            "homepage": "http://symfony.com",
            "time": "2015-01-25 04:39:26"
        },
        {
            "name": "symfony/dependency-injection",
            "version": "v2.6.4",
            "target-dir": "Symfony/Component/DependencyInjection",
            "source": {
                "type": "git",
                "url": "https://github.com/symfony/DependencyInjection.git",
                "reference": "42bbb43fab66292a1865dc9616c299904c3d4d14"
            },
            "dist": {
                "type": "zip",
                "url": "https://api.github.com/repos/symfony/DependencyInjection/zipball/42bbb43fab66292a1865dc9616c299904c3d4d14",
                "reference": "42bbb43fab66292a1865dc9616c299904c3d4d14",
                "shasum": ""
            },
            "require": {
                "php": ">=5.3.3"
            },
            "conflict": {
                "symfony/expression-language": "<2.6"
            },
            "require-dev": {
                "symfony/config": "~2.2",
                "symfony/expression-language": "~2.6",
                "symfony/yaml": "~2.1"
            },
            "suggest": {
                "symfony/config": "",
                "symfony/proxy-manager-bridge": "Generate service proxies to lazy load them",
                "symfony/yaml": ""
            },
            "type": "library",
            "extra": {
                "branch-alias": {
                    "dev-master": "2.6-dev"
                }
            },
            "autoload": {
                "psr-0": {
                    "Symfony\\Component\\DependencyInjection\\": ""
                }
            },
            "notification-url": "https://packagist.org/downloads/",
            "license": [
                "MIT"
            ],
            "authors": [
                {
                    "name": "Symfony Community",
                    "homepage": "http://symfony.com/contributors"
                },
                {
                    "name": "Fabien Potencier",
                    "email": "fabien@symfony.com"
                }
            ],
            "description": "Symfony DependencyInjection Component",
            "homepage": "http://symfony.com",
            "time": "2015-01-25 04:39:26"
        },
        {
            "name": "symfony/event-dispatcher",
            "version": "v2.6.4",
            "target-dir": "Symfony/Component/EventDispatcher",
            "source": {
                "type": "git",
                "url": "https://github.com/symfony/EventDispatcher.git",
                "reference": "f75989f3ab2743a82fe0b03ded2598a2b1546813"
            },
            "dist": {
                "type": "zip",
                "url": "https://api.github.com/repos/symfony/EventDispatcher/zipball/f75989f3ab2743a82fe0b03ded2598a2b1546813",
                "reference": "f75989f3ab2743a82fe0b03ded2598a2b1546813",
                "shasum": ""
            },
            "require": {
                "php": ">=5.3.3"
            },
            "require-dev": {
                "psr/log": "~1.0",
                "symfony/config": "~2.0,>=2.0.5",
                "symfony/dependency-injection": "~2.6",
                "symfony/expression-language": "~2.6",
                "symfony/stopwatch": "~2.3"
            },
            "suggest": {
                "symfony/dependency-injection": "",
                "symfony/http-kernel": ""
            },
            "type": "library",
            "extra": {
                "branch-alias": {
                    "dev-master": "2.6-dev"
                }
            },
            "autoload": {
                "psr-0": {
                    "Symfony\\Component\\EventDispatcher\\": ""
                }
            },
            "notification-url": "https://packagist.org/downloads/",
            "license": [
                "MIT"
            ],
            "authors": [
                {
                    "name": "Symfony Community",
                    "homepage": "http://symfony.com/contributors"
                },
                {
                    "name": "Fabien Potencier",
                    "email": "fabien@symfony.com"
                }
            ],
            "description": "Symfony EventDispatcher Component",
            "homepage": "http://symfony.com",
            "time": "2015-02-01 16:10:57"
        },
        {
            "name": "symfony/filesystem",
            "version": "v2.6.4",
            "target-dir": "Symfony/Component/Filesystem",
            "source": {
                "type": "git",
                "url": "https://github.com/symfony/Filesystem.git",
                "reference": "a1f566d1f92e142fa1593f4555d6d89e3044a9b7"
            },
            "dist": {
                "type": "zip",
                "url": "https://api.github.com/repos/symfony/Filesystem/zipball/a1f566d1f92e142fa1593f4555d6d89e3044a9b7",
                "reference": "a1f566d1f92e142fa1593f4555d6d89e3044a9b7",
                "shasum": ""
            },
            "require": {
                "php": ">=5.3.3"
            },
            "type": "library",
            "extra": {
                "branch-alias": {
                    "dev-master": "2.6-dev"
                }
            },
            "autoload": {
                "psr-0": {
                    "Symfony\\Component\\Filesystem\\": ""
                }
            },
            "notification-url": "https://packagist.org/downloads/",
            "license": [
                "MIT"
            ],
            "authors": [
                {
                    "name": "Symfony Community",
                    "homepage": "http://symfony.com/contributors"
                },
                {
                    "name": "Fabien Potencier",
                    "email": "fabien@symfony.com"
                }
            ],
            "description": "Symfony Filesystem Component",
            "homepage": "http://symfony.com",
            "time": "2015-01-03 21:13:09"
        },
        {
            "name": "symfony/finder",
            "version": "v2.6.4",
            "target-dir": "Symfony/Component/Finder",
            "source": {
                "type": "git",
                "url": "https://github.com/symfony/Finder.git",
                "reference": "16513333bca64186c01609961a2bb1b95b5e1355"
            },
            "dist": {
                "type": "zip",
                "url": "https://api.github.com/repos/symfony/Finder/zipball/16513333bca64186c01609961a2bb1b95b5e1355",
                "reference": "16513333bca64186c01609961a2bb1b95b5e1355",
                "shasum": ""
            },
            "require": {
                "php": ">=5.3.3"
            },
            "type": "library",
            "extra": {
                "branch-alias": {
                    "dev-master": "2.6-dev"
                }
            },
            "autoload": {
                "psr-0": {
                    "Symfony\\Component\\Finder\\": ""
                }
            },
            "notification-url": "https://packagist.org/downloads/",
            "license": [
                "MIT"
            ],
            "authors": [
                {
                    "name": "Symfony Community",
                    "homepage": "http://symfony.com/contributors"
                },
                {
                    "name": "Fabien Potencier",
                    "email": "fabien@symfony.com"
                }
            ],
            "description": "Symfony Finder Component",
            "homepage": "http://symfony.com",
            "time": "2015-01-03 08:01:59"
        },
        {
            "name": "symfony/translation",
            "version": "v2.6.4",
            "target-dir": "Symfony/Component/Translation",
            "source": {
                "type": "git",
                "url": "https://github.com/symfony/Translation.git",
                "reference": "f289cdf8179d32058c1e1cbac723106a5ff6fa39"
            },
            "dist": {
                "type": "zip",
                "url": "https://api.github.com/repos/symfony/Translation/zipball/f289cdf8179d32058c1e1cbac723106a5ff6fa39",
                "reference": "f289cdf8179d32058c1e1cbac723106a5ff6fa39",
                "shasum": ""
            },
            "require": {
                "php": ">=5.3.3"
            },
            "require-dev": {
                "psr/log": "~1.0",
                "symfony/config": "~2.3,>=2.3.12",
                "symfony/intl": "~2.3",
                "symfony/yaml": "~2.2"
            },
            "suggest": {
                "psr/log": "To use logging capability in translator",
                "symfony/config": "",
                "symfony/yaml": ""
            },
            "type": "library",
            "extra": {
                "branch-alias": {
                    "dev-master": "2.6-dev"
                }
            },
            "autoload": {
                "psr-0": {
                    "Symfony\\Component\\Translation\\": ""
                }
            },
            "notification-url": "https://packagist.org/downloads/",
            "license": [
                "MIT"
            ],
            "authors": [
                {
                    "name": "Symfony Community",
                    "homepage": "http://symfony.com/contributors"
                },
                {
                    "name": "Fabien Potencier",
                    "email": "fabien@symfony.com"
                }
            ],
            "description": "Symfony Translation Component",
            "homepage": "http://symfony.com",
            "time": "2015-01-03 15:33:07"
        },
        {
            "name": "symfony/yaml",
            "version": "v2.6.4",
            "target-dir": "Symfony/Component/Yaml",
            "source": {
                "type": "git",
                "url": "https://github.com/symfony/Yaml.git",
                "reference": "60ed7751671113cf1ee7d7778e691642c2e9acd8"
            },
            "dist": {
                "type": "zip",
                "url": "https://api.github.com/repos/symfony/Yaml/zipball/60ed7751671113cf1ee7d7778e691642c2e9acd8",
                "reference": "60ed7751671113cf1ee7d7778e691642c2e9acd8",
                "shasum": ""
            },
            "require": {
                "php": ">=5.3.3"
            },
            "type": "library",
            "extra": {
                "branch-alias": {
                    "dev-master": "2.6-dev"
                }
            },
            "autoload": {
                "psr-0": {
                    "Symfony\\Component\\Yaml\\": ""
                }
            },
            "notification-url": "https://packagist.org/downloads/",
            "license": [
                "MIT"
            ],
            "authors": [
                {
                    "name": "Symfony Community",
                    "homepage": "http://symfony.com/contributors"
                },
                {
                    "name": "Fabien Potencier",
                    "email": "fabien@symfony.com"
                }
            ],
            "description": "Symfony Yaml Component",
            "homepage": "http://symfony.com",
            "time": "2015-01-25 04:39:26"
        }
    ],
    "packages-dev": [
        {
            "name": "phpunit/php-code-coverage",
            "version": "2.0.15",
            "source": {
                "type": "git",
                "url": "https://github.com/sebastianbergmann/php-code-coverage.git",
                "reference": "34cc484af1ca149188d0d9e91412191e398e0b67"
            },
            "dist": {
                "type": "zip",
                "url": "https://api.github.com/repos/sebastianbergmann/php-code-coverage/zipball/34cc484af1ca149188d0d9e91412191e398e0b67",
                "reference": "34cc484af1ca149188d0d9e91412191e398e0b67",
                "shasum": ""
            },
            "require": {
                "php": ">=5.3.3",
                "phpunit/php-file-iterator": "~1.3",
                "phpunit/php-text-template": "~1.2",
                "phpunit/php-token-stream": "~1.3",
                "sebastian/environment": "~1.0",
                "sebastian/version": "~1.0"
            },
            "require-dev": {
                "ext-xdebug": ">=2.1.4",
                "phpunit/phpunit": "~4"
            },
            "suggest": {
                "ext-dom": "*",
                "ext-xdebug": ">=2.2.1",
                "ext-xmlwriter": "*"
            },
            "type": "library",
            "extra": {
                "branch-alias": {
                    "dev-master": "2.0.x-dev"
                }
            },
            "autoload": {
                "classmap": [
                    "src/"
                ]
            },
            "notification-url": "https://packagist.org/downloads/",
            "license": [
                "BSD-3-Clause"
            ],
            "authors": [
                {
                    "name": "Sebastian Bergmann",
                    "email": "sb@sebastian-bergmann.de",
                    "role": "lead"
                }
            ],
            "description": "Library that provides collection, processing, and rendering functionality for PHP code coverage information.",
            "homepage": "https://github.com/sebastianbergmann/php-code-coverage",
            "keywords": [
                "coverage",
                "testing",
                "xunit"
            ],
            "time": "2015-01-24 10:06:35"
        },
        {
            "name": "phpunit/php-file-iterator",
            "version": "1.3.4",
            "source": {
                "type": "git",
                "url": "https://github.com/sebastianbergmann/php-file-iterator.git",
                "reference": "acd690379117b042d1c8af1fafd61bde001bf6bb"
            },
            "dist": {
                "type": "zip",
                "url": "https://api.github.com/repos/sebastianbergmann/php-file-iterator/zipball/acd690379117b042d1c8af1fafd61bde001bf6bb",
                "reference": "acd690379117b042d1c8af1fafd61bde001bf6bb",
                "shasum": ""
            },
            "require": {
                "php": ">=5.3.3"
            },
            "type": "library",
            "autoload": {
                "classmap": [
                    "File/"
                ]
            },
            "notification-url": "https://packagist.org/downloads/",
            "include-path": [
                ""
            ],
            "license": [
                "BSD-3-Clause"
            ],
            "authors": [
                {
                    "name": "Sebastian Bergmann",
                    "email": "sb@sebastian-bergmann.de",
                    "role": "lead"
                }
            ],
            "description": "FilterIterator implementation that filters files based on a list of suffixes.",
            "homepage": "https://github.com/sebastianbergmann/php-file-iterator/",
            "keywords": [
                "filesystem",
                "iterator"
            ],
            "time": "2013-10-10 15:34:57"
        },
        {
            "name": "phpunit/php-text-template",
            "version": "1.2.0",
            "source": {
                "type": "git",
                "url": "https://github.com/sebastianbergmann/php-text-template.git",
                "reference": "206dfefc0ffe9cebf65c413e3d0e809c82fbf00a"
            },
            "dist": {
                "type": "zip",
                "url": "https://api.github.com/repos/sebastianbergmann/php-text-template/zipball/206dfefc0ffe9cebf65c413e3d0e809c82fbf00a",
                "reference": "206dfefc0ffe9cebf65c413e3d0e809c82fbf00a",
                "shasum": ""
            },
            "require": {
                "php": ">=5.3.3"
            },
            "type": "library",
            "autoload": {
                "classmap": [
                    "Text/"
                ]
            },
            "notification-url": "https://packagist.org/downloads/",
            "include-path": [
                ""
            ],
            "license": [
                "BSD-3-Clause"
            ],
            "authors": [
                {
                    "name": "Sebastian Bergmann",
                    "email": "sb@sebastian-bergmann.de",
                    "role": "lead"
                }
            ],
            "description": "Simple template engine.",
            "homepage": "https://github.com/sebastianbergmann/php-text-template/",
            "keywords": [
                "template"
            ],
            "time": "2014-01-30 17:20:04"
        },
        {
            "name": "phpunit/php-timer",
            "version": "1.0.5",
            "source": {
                "type": "git",
                "url": "https://github.com/sebastianbergmann/php-timer.git",
                "reference": "19689d4354b295ee3d8c54b4f42c3efb69cbc17c"
            },
            "dist": {
                "type": "zip",
                "url": "https://api.github.com/repos/sebastianbergmann/php-timer/zipball/19689d4354b295ee3d8c54b4f42c3efb69cbc17c",
                "reference": "19689d4354b295ee3d8c54b4f42c3efb69cbc17c",
                "shasum": ""
            },
            "require": {
                "php": ">=5.3.3"
            },
            "type": "library",
            "autoload": {
                "classmap": [
                    "PHP/"
                ]
            },
            "notification-url": "https://packagist.org/downloads/",
            "include-path": [
                ""
            ],
            "license": [
                "BSD-3-Clause"
            ],
            "authors": [
                {
                    "name": "Sebastian Bergmann",
                    "email": "sb@sebastian-bergmann.de",
                    "role": "lead"
                }
            ],
            "description": "Utility class for timing",
            "homepage": "https://github.com/sebastianbergmann/php-timer/",
            "keywords": [
                "timer"
            ],
            "time": "2013-08-02 07:42:54"
        },
        {
            "name": "phpunit/php-token-stream",
            "version": "1.4.0",
            "source": {
                "type": "git",
                "url": "https://github.com/sebastianbergmann/php-token-stream.git",
                "reference": "db32c18eba00b121c145575fcbcd4d4d24e6db74"
            },
            "dist": {
                "type": "zip",
                "url": "https://api.github.com/repos/sebastianbergmann/php-token-stream/zipball/db32c18eba00b121c145575fcbcd4d4d24e6db74",
                "reference": "db32c18eba00b121c145575fcbcd4d4d24e6db74",
                "shasum": ""
            },
            "require": {
                "ext-tokenizer": "*",
                "php": ">=5.3.3"
            },
            "require-dev": {
                "phpunit/phpunit": "~4.2"
            },
            "type": "library",
            "extra": {
                "branch-alias": {
                    "dev-master": "1.4-dev"
                }
            },
            "autoload": {
                "classmap": [
                    "src/"
                ]
            },
            "notification-url": "https://packagist.org/downloads/",
            "license": [
                "BSD-3-Clause"
            ],
            "authors": [
                {
                    "name": "Sebastian Bergmann",
                    "email": "sebastian@phpunit.de"
                }
            ],
            "description": "Wrapper around PHP's tokenizer extension.",
            "homepage": "https://github.com/sebastianbergmann/php-token-stream/",
            "keywords": [
                "tokenizer"
            ],
            "time": "2015-01-17 09:51:32"
        },
        {
            "name": "phpunit/phpunit",
            "version": "4.1.6",
            "source": {
                "type": "git",
                "url": "https://github.com/sebastianbergmann/phpunit.git",
                "reference": "241116219bb7e3b8111a36ffd8f37546888738d6"
            },
            "dist": {
                "type": "zip",
                "url": "https://api.github.com/repos/sebastianbergmann/phpunit/zipball/241116219bb7e3b8111a36ffd8f37546888738d6",
                "reference": "241116219bb7e3b8111a36ffd8f37546888738d6",
                "shasum": ""
            },
            "require": {
                "ext-dom": "*",
                "ext-json": "*",
                "ext-pcre": "*",
                "ext-reflection": "*",
                "ext-spl": "*",
                "php": ">=5.3.3",
                "phpunit/php-code-coverage": "~2.0",
                "phpunit/php-file-iterator": "~1.3.1",
                "phpunit/php-text-template": "~1.2",
                "phpunit/php-timer": "~1.0.2",
                "phpunit/phpunit-mock-objects": "2.1.5",
                "sebastian/comparator": "~1.0",
                "sebastian/diff": "~1.1",
                "sebastian/environment": "~1.0",
                "sebastian/exporter": "~1.0",
                "sebastian/version": "~1.0",
                "symfony/yaml": "~2.0"
            },
            "suggest": {
                "phpunit/php-invoker": "~1.1"
            },
            "bin": [
                "phpunit"
            ],
            "type": "library",
            "extra": {
                "branch-alias": {
                    "dev-master": "4.1.x-dev"
                }
            },
            "autoload": {
                "classmap": [
                    "src/"
                ]
            },
            "notification-url": "https://packagist.org/downloads/",
            "include-path": [
                "",
                "../../symfony/yaml/"
            ],
            "license": [
                "BSD-3-Clause"
            ],
            "authors": [
                {
                    "name": "Sebastian Bergmann",
                    "email": "sebastian@phpunit.de",
                    "role": "lead"
                }
            ],
            "description": "The PHP Unit Testing framework.",
            "homepage": "http://www.phpunit.de/",
            "keywords": [
                "phpunit",
                "testing",
                "xunit"
            ],
            "time": "2014-08-17 08:07:02"
        },
        {
            "name": "phpunit/phpunit-mock-objects",
            "version": "2.1.5",
            "source": {
                "type": "git",
                "url": "https://github.com/sebastianbergmann/phpunit-mock-objects.git",
                "reference": "7878b9c41edb3afab92b85edf5f0981014a2713a"
            },
            "dist": {
                "type": "zip",
                "url": "https://api.github.com/repos/sebastianbergmann/phpunit-mock-objects/zipball/7878b9c41edb3afab92b85edf5f0981014a2713a",
                "reference": "7878b9c41edb3afab92b85edf5f0981014a2713a",
                "shasum": ""
            },
            "require": {
                "php": ">=5.3.3",
                "phpunit/php-text-template": "~1.2"
            },
            "require-dev": {
                "phpunit/phpunit": "~4.1"
            },
            "suggest": {
                "ext-soap": "*"
            },
            "type": "library",
            "extra": {
                "branch-alias": {
                    "dev-master": "2.1.x-dev"
                }
            },
            "autoload": {
                "classmap": [
                    "src/"
                ]
            },
            "notification-url": "https://packagist.org/downloads/",
            "include-path": [
                ""
            ],
            "license": [
                "BSD-3-Clause"
            ],
            "authors": [
                {
                    "name": "Sebastian Bergmann",
                    "email": "sb@sebastian-bergmann.de",
                    "role": "lead"
                }
            ],
            "description": "Mock Object library for PHPUnit",
            "homepage": "https://github.com/sebastianbergmann/phpunit-mock-objects/",
            "keywords": [
                "mock",
                "xunit"
            ],
            "time": "2014-06-12 07:22:15"
        },
        {
            "name": "sebastian/comparator",
            "version": "1.1.1",
            "source": {
                "type": "git",
                "url": "https://github.com/sebastianbergmann/comparator.git",
                "reference": "1dd8869519a225f7f2b9eb663e225298fade819e"
            },
            "dist": {
                "type": "zip",
                "url": "https://api.github.com/repos/sebastianbergmann/comparator/zipball/1dd8869519a225f7f2b9eb663e225298fade819e",
                "reference": "1dd8869519a225f7f2b9eb663e225298fade819e",
                "shasum": ""
            },
            "require": {
                "php": ">=5.3.3",
                "sebastian/diff": "~1.2",
                "sebastian/exporter": "~1.2"
            },
            "require-dev": {
                "phpunit/phpunit": "~4.4"
            },
            "type": "library",
            "extra": {
                "branch-alias": {
                    "dev-master": "1.1.x-dev"
                }
            },
            "autoload": {
                "classmap": [
                    "src/"
                ]
            },
            "notification-url": "https://packagist.org/downloads/",
            "license": [
                "BSD-3-Clause"
            ],
            "authors": [
                {
                    "name": "Jeff Welch",
                    "email": "whatthejeff@gmail.com"
                },
                {
                    "name": "Volker Dusch",
                    "email": "github@wallbash.com"
                },
                {
                    "name": "Bernhard Schussek",
                    "email": "bschussek@2bepublished.at"
                },
                {
                    "name": "Sebastian Bergmann",
                    "email": "sebastian@phpunit.de"
                }
            ],
            "description": "Provides the functionality to compare PHP values for equality",
            "homepage": "http://www.github.com/sebastianbergmann/comparator",
            "keywords": [
                "comparator",
                "compare",
                "equality"
            ],
            "time": "2015-01-29 16:28:08"
        },
        {
            "name": "sebastian/diff",
            "version": "1.2.0",
            "source": {
                "type": "git",
                "url": "https://github.com/sebastianbergmann/diff.git",
                "reference": "5843509fed39dee4b356a306401e9dd1a931fec7"
            },
            "dist": {
                "type": "zip",
                "url": "https://api.github.com/repos/sebastianbergmann/diff/zipball/5843509fed39dee4b356a306401e9dd1a931fec7",
                "reference": "5843509fed39dee4b356a306401e9dd1a931fec7",
                "shasum": ""
            },
            "require": {
                "php": ">=5.3.3"
            },
            "require-dev": {
                "phpunit/phpunit": "~4.2"
            },
            "type": "library",
            "extra": {
                "branch-alias": {
                    "dev-master": "1.2-dev"
                }
            },
            "autoload": {
                "classmap": [
                    "src/"
                ]
            },
            "notification-url": "https://packagist.org/downloads/",
            "license": [
                "BSD-3-Clause"
            ],
            "authors": [
                {
                    "name": "Kore Nordmann",
                    "email": "mail@kore-nordmann.de"
                },
                {
                    "name": "Sebastian Bergmann",
                    "email": "sebastian@phpunit.de"
                }
            ],
            "description": "Diff implementation",
            "homepage": "http://www.github.com/sebastianbergmann/diff",
            "keywords": [
                "diff"
            ],
            "time": "2014-08-15 10:29:00"
        },
        {
            "name": "sebastian/environment",
            "version": "1.2.1",
            "source": {
                "type": "git",
                "url": "https://github.com/sebastianbergmann/environment.git",
                "reference": "6e6c71d918088c251b181ba8b3088af4ac336dd7"
            },
            "dist": {
                "type": "zip",
                "url": "https://api.github.com/repos/sebastianbergmann/environment/zipball/6e6c71d918088c251b181ba8b3088af4ac336dd7",
                "reference": "6e6c71d918088c251b181ba8b3088af4ac336dd7",
                "shasum": ""
            },
            "require": {
                "php": ">=5.3.3"
            },
            "require-dev": {
                "phpunit/phpunit": "~4.3"
            },
            "type": "library",
            "extra": {
                "branch-alias": {
                    "dev-master": "1.2.x-dev"
                }
            },
            "autoload": {
                "classmap": [
                    "src/"
                ]
            },
            "notification-url": "https://packagist.org/downloads/",
            "license": [
                "BSD-3-Clause"
            ],
            "authors": [
                {
                    "name": "Sebastian Bergmann",
                    "email": "sebastian@phpunit.de"
                }
            ],
            "description": "Provides functionality to handle HHVM/PHP environments",
            "homepage": "http://www.github.com/sebastianbergmann/environment",
            "keywords": [
                "Xdebug",
                "environment",
                "hhvm"
            ],
            "time": "2014-10-25 08:00:45"
        },
        {
            "name": "sebastian/exporter",
            "version": "1.2.0",
            "source": {
                "type": "git",
                "url": "https://github.com/sebastianbergmann/exporter.git",
                "reference": "84839970d05254c73cde183a721c7af13aede943"
            },
            "dist": {
                "type": "zip",
                "url": "https://api.github.com/repos/sebastianbergmann/exporter/zipball/84839970d05254c73cde183a721c7af13aede943",
                "reference": "84839970d05254c73cde183a721c7af13aede943",
                "shasum": ""
            },
            "require": {
                "php": ">=5.3.3",
                "sebastian/recursion-context": "~1.0"
            },
            "require-dev": {
                "phpunit/phpunit": "~4.4"
            },
            "type": "library",
            "extra": {
                "branch-alias": {
                    "dev-master": "1.2.x-dev"
                }
            },
            "autoload": {
                "classmap": [
                    "src/"
                ]
            },
            "notification-url": "https://packagist.org/downloads/",
            "license": [
                "BSD-3-Clause"
            ],
            "authors": [
                {
                    "name": "Jeff Welch",
                    "email": "whatthejeff@gmail.com"
                },
                {
                    "name": "Volker Dusch",
                    "email": "github@wallbash.com"
                },
                {
                    "name": "Bernhard Schussek",
                    "email": "bschussek@2bepublished.at"
                },
                {
                    "name": "Sebastian Bergmann",
                    "email": "sebastian@phpunit.de"
                },
                {
                    "name": "Adam Harvey",
                    "email": "aharvey@php.net"
                }
            ],
            "description": "Provides the functionality to export PHP variables for visualization",
            "homepage": "http://www.github.com/sebastianbergmann/exporter",
            "keywords": [
                "export",
                "exporter"
            ],
            "time": "2015-01-27 07:23:06"
        },
        {
            "name": "sebastian/recursion-context",
            "version": "1.0.0",
            "source": {
                "type": "git",
                "url": "https://github.com/sebastianbergmann/recursion-context.git",
                "reference": "3989662bbb30a29d20d9faa04a846af79b276252"
            },
            "dist": {
                "type": "zip",
                "url": "https://api.github.com/repos/sebastianbergmann/recursion-context/zipball/3989662bbb30a29d20d9faa04a846af79b276252",
                "reference": "3989662bbb30a29d20d9faa04a846af79b276252",
                "shasum": ""
            },
            "require": {
                "php": ">=5.3.3"
            },
            "require-dev": {
                "phpunit/phpunit": "~4.4"
            },
            "type": "library",
            "extra": {
                "branch-alias": {
                    "dev-master": "1.0.x-dev"
                }
            },
            "autoload": {
                "classmap": [
                    "src/"
                ]
            },
            "notification-url": "https://packagist.org/downloads/",
            "license": [
                "BSD-3-Clause"
            ],
            "authors": [
                {
                    "name": "Jeff Welch",
                    "email": "whatthejeff@gmail.com"
                },
                {
                    "name": "Sebastian Bergmann",
                    "email": "sebastian@phpunit.de"
                },
                {
                    "name": "Adam Harvey",
                    "email": "aharvey@php.net"
                }
            ],
            "description": "Provides functionality to recursively process PHP variables",
            "homepage": "http://www.github.com/sebastianbergmann/recursion-context",
            "time": "2015-01-24 09:48:32"
        },
        {
            "name": "sebastian/version",
            "version": "1.0.4",
            "source": {
                "type": "git",
                "url": "https://github.com/sebastianbergmann/version.git",
                "reference": "a77d9123f8e809db3fbdea15038c27a95da4058b"
            },
            "dist": {
                "type": "zip",
                "url": "https://api.github.com/repos/sebastianbergmann/version/zipball/a77d9123f8e809db3fbdea15038c27a95da4058b",
                "reference": "a77d9123f8e809db3fbdea15038c27a95da4058b",
                "shasum": ""
            },
            "type": "library",
            "autoload": {
                "classmap": [
                    "src/"
                ]
            },
            "notification-url": "https://packagist.org/downloads/",
            "license": [
                "BSD-3-Clause"
            ],
            "authors": [
                {
                    "name": "Sebastian Bergmann",
                    "email": "sebastian@phpunit.de",
                    "role": "lead"
                }
            ],
            "description": "Library that helps with managing the version number of Git-hosted PHP projects",
            "homepage": "https://github.com/sebastianbergmann/version",
            "time": "2014-12-15 14:25:24"
        }
    ],
    "aliases": [],
    "minimum-stability": "stable",
    "stability-flags": [],
    "prefer-stable": false,
    "prefer-lowest": false,
    "platform": [],
    "platform-dev": []
}
